// !$*UTF8*$!
{
	archiveVersion = 1;
	classes = {
	};
	objectVersion = 46;
	objects = {

/* Begin PBXBuildFile section */
		60650C991CCD6E31003435CB /* main.m in Sources */ = {isa = PBXBuildFile; fileRef = 60650C981CCD6E31003435CB /* main.m */; };
		60650C9C1CCD6E31003435CB /* AppDelegate.m in Sources */ = {isa = PBXBuildFile; fileRef = 60650C9B1CCD6E31003435CB /* AppDelegate.m */; };
		60650C9F1CCD6E31003435CB /* ViewController.m in Sources */ = {isa = PBXBuildFile; fileRef = 60650C9E1CCD6E31003435CB /* ViewController.m */; };
		60650CA21CCD6E31003435CB /* Main.storyboard in Resources */ = {isa = PBXBuildFile; fileRef = 60650CA01CCD6E31003435CB /* Main.storyboard */; };
		60650CA41CCD6E31003435CB /* Assets.xcassets in Resources */ = {isa = PBXBuildFile; fileRef = 60650CA31CCD6E31003435CB /* Assets.xcassets */; };
		60650CA71CCD6E31003435CB /* LaunchScreen.storyboard in Resources */ = {isa = PBXBuildFile; fileRef = 60650CA51CCD6E31003435CB /* LaunchScreen.storyboard */; };
		60650CB21CCD6E32003435CB /* PhysicsPotentialEnergyTests.m in Sources */ = {isa = PBXBuildFile; fileRef = 60650CB11CCD6E32003435CB /* PhysicsPotentialEnergyTests.m */; };
/* End PBXBuildFile section */

/* Begin PBXContainerItemProxy section */
		60650CAE1CCD6E32003435CB /* PBXContainerItemProxy */ = {
			isa = PBXContainerItemProxy;
			containerPortal = 60650C8C1CCD6E31003435CB /* Project object */;
			proxyType = 1;
			remoteGlobalIDString = 60650C931CCD6E31003435CB;
			remoteInfo = PhysicsPotentialEnergy;
		};
/* End PBXContainerItemProxy section */

/* Begin PBXFileReference section */
		60650C941CCD6E31003435CB /* PhysicsPotentialEnergy.app */ = {isa = PBXFileReference; explicitFileType = wrapper.application; includeInIndex = 0; path = PhysicsPotentialEnergy.app; sourceTree = BUILT_PRODUCTS_DIR; };
		60650C981CCD6E31003435CB /* main.m */ = {isa = PBXFileReference; lastKnownFileType = sourcecode.c.objc; path = main.m; sourceTree = "<group>"; };
		60650C9A1CCD6E31003435CB /* AppDelegate.h */ = {isa = PBXFileReference; lastKnownFileType = sourcecode.c.h; path = AppDelegate.h; sourceTree = "<group>"; };
		60650C9B1CCD6E31003435CB /* AppDelegate.m */ = {isa = PBXFileReference; lastKnownFileType = sourcecode.c.objc; path = AppDelegate.m; sourceTree = "<group>"; };
		60650C9D1CCD6E31003435CB /* ViewController.h */ = {isa = PBXFileReference; lastKnownFileType = sourcecode.c.h; path = ViewController.h; sourceTree = "<group>"; };
		60650C9E1CCD6E31003435CB /* ViewController.m */ = {isa = PBXFileReference; lastKnownFileType = sourcecode.c.objc; path = ViewController.m; sourceTree = "<group>"; };
		60650CA11CCD6E31003435CB /* Base */ = {isa = PBXFileReference; lastKnownFileType = file.storyboard; name = Base; path = Base.lproj/Main.storyboard; sourceTree = "<group>"; };
		60650CA31CCD6E31003435CB /* Assets.xcassets */ = {isa = PBXFileReference; lastKnownFileType = folder.assetcatalog; path = Assets.xcassets; sourceTree = "<group>"; };
		60650CA61CCD6E31003435CB /* Base */ = {isa = PBXFileReference; lastKnownFileType = file.storyboard; name = Base; path = Base.lproj/LaunchScreen.storyboard; sourceTree = "<group>"; };
		60650CA81CCD6E31003435CB /* Info.plist */ = {isa = PBXFileReference; lastKnownFileType = text.plist.xml; path = Info.plist; sourceTree = "<group>"; };
		60650CAD1CCD6E32003435CB /* PhysicsPotentialEnergyTests.xctest */ = {isa = PBXFileReference; explicitFileType = wrapper.cfbundle; includeInIndex = 0; path = PhysicsPotentialEnergyTests.xctest; sourceTree = BUILT_PRODUCTS_DIR; };
		60650CB11CCD6E32003435CB /* PhysicsPotentialEnergyTests.m */ = {isa = PBXFileReference; lastKnownFileType = sourcecode.c.objc; path = PhysicsPotentialEnergyTests.m; sourceTree = "<group>"; };
		60650CB31CCD6E32003435CB /* Info.plist */ = {isa = PBXFileReference; lastKnownFileType = text.plist.xml; path = Info.plist; sourceTree = "<group>"; };
/* End PBXFileReference section */

/* Begin PBXFrameworksBuildPhase section */
		60650C911CCD6E31003435CB /* Frameworks */ = {
			isa = PBXFrameworksBuildPhase;
			buildActionMask = 2147483647;
			files = (
			);
			runOnlyForDeploymentPostprocessing = 0;
		};
		60650CAA1CCD6E32003435CB /* Frameworks */ = {
			isa = PBXFrameworksBuildPhase;
			buildActionMask = 2147483647;
			files = (
			);
			runOnlyForDeploymentPostprocessing = 0;
		};
/* End PBXFrameworksBuildPhase section */

/* Begin PBXGroup section */
		60650C8B1CCD6E31003435CB = {
			isa = PBXGroup;
			children = (
				60650C961CCD6E31003435CB /* PhysicsPotentialEnergy */,
				60650CB01CCD6E32003435CB /* PhysicsPotentialEnergyTests */,
				60650C951CCD6E31003435CB /* Products */,
			);
			sourceTree = "<group>";
		};
		60650C951CCD6E31003435CB /* Products */ = {
			isa = PBXGroup;
			children = (
				60650C941CCD6E31003435CB /* PhysicsPotentialEnergy.app */,
				60650CAD1CCD6E32003435CB /* PhysicsPotentialEnergyTests.xctest */,
			);
			name = Products;
			sourceTree = "<group>";
		};
		60650C961CCD6E31003435CB /* PhysicsPotentialEnergy */ = {
			isa = PBXGroup;
			children = (
				60650C9A1CCD6E31003435CB /* AppDelegate.h */,
				60650C9B1CCD6E31003435CB /* AppDelegate.m */,
				60650C9D1CCD6E31003435CB /* ViewController.h */,
				60650C9E1CCD6E31003435CB /* ViewController.m */,
				60650CA01CCD6E31003435CB /* Main.storyboard */,
				60650CA31CCD6E31003435CB /* Assets.xcassets */,
				60650CA51CCD6E31003435CB /* LaunchScreen.storyboard */,
				60650CA81CCD6E31003435CB /* Info.plist */,
				60650C971CCD6E31003435CB /* Supporting Files */,
			);
			path = PhysicsPotentialEnergy;
			sourceTree = "<group>";
		};
		60650C971CCD6E31003435CB /* Supporting Files */ = {
			isa = PBXGroup;
			children = (
				60650C981CCD6E31003435CB /* main.m */,
			);
			name = "Supporting Files";
			sourceTree = "<group>";
		};
		60650CB01CCD6E32003435CB /* PhysicsPotentialEnergyTests */ = {
			isa = PBXGroup;
			children = (
				60650CB11CCD6E32003435CB /* PhysicsPotentialEnergyTests.m */,
				60650CB31CCD6E32003435CB /* Info.plist */,
			);
			path = PhysicsPotentialEnergyTests;
			sourceTree = "<group>";
		};
/* End PBXGroup section */

/* Begin PBXNativeTarget section */
		60650C931CCD6E31003435CB /* PhysicsPotentialEnergy */ = {
			isa = PBXNativeTarget;
			buildConfigurationList = 60650CB61CCD6E32003435CB /* Build configuration list for PBXNativeTarget "PhysicsPotentialEnergy" */;
			buildPhases = (
				60650C901CCD6E31003435CB /* Sources */,
				60650C911CCD6E31003435CB /* Frameworks */,
				60650C921CCD6E31003435CB /* Resources */,
			);
			buildRules = (
			);
			dependencies = (
			);
			name = PhysicsPotentialEnergy;
			productName = PhysicsPotentialEnergy;
			productReference = 60650C941CCD6E31003435CB /* PhysicsPotentialEnergy.app */;
			productType = "com.apple.product-type.application";
		};
		60650CAC1CCD6E32003435CB /* PhysicsPotentialEnergyTests */ = {
			isa = PBXNativeTarget;
			buildConfigurationList = 60650CB91CCD6E32003435CB /* Build configuration list for PBXNativeTarget "PhysicsPotentialEnergyTests" */;
			buildPhases = (
				60650CA91CCD6E32003435CB /* Sources */,
				60650CAA1CCD6E32003435CB /* Frameworks */,
				60650CAB1CCD6E32003435CB /* Resources */,
			);
			buildRules = (
			);
			dependencies = (
				60650CAF1CCD6E32003435CB /* PBXTargetDependency */,
			);
			name = PhysicsPotentialEnergyTests;
			productName = PhysicsPotentialEnergyTests;
			productReference = 60650CAD1CCD6E32003435CB /* PhysicsPotentialEnergyTests.xctest */;
			productType = "com.apple.product-type.bundle.unit-test";
		};
/* End PBXNativeTarget section */

/* Begin PBXProject section */
		60650C8C1CCD6E31003435CB /* Project object */ = {
			isa = PBXProject;
			attributes = {
				LastUpgradeCheck = 0730;
				ORGANIZATIONNAME = "Coffee House";
				TargetAttributes = {
					60650C931CCD6E31003435CB = {
						CreatedOnToolsVersion = 7.3;
					};
					60650CAC1CCD6E32003435CB = {
						CreatedOnToolsVersion = 7.3;
						TestTargetID = 60650C931CCD6E31003435CB;
					};
				};
			};
			buildConfigurationList = 60650C8F1CCD6E31003435CB /* Build configuration list for PBXProject "PhysicsPotentialEnergy" */;
			compatibilityVersion = "Xcode 3.2";
			developmentRegion = English;
			hasScannedForEncodings = 0;
			knownRegions = (
				en,
				Base,
			);
			mainGroup = 60650C8B1CCD6E31003435CB;
			productRefGroup = 60650C951CCD6E31003435CB /* Products */;
			projectDirPath = "";
			projectRoot = "";
			targets = (
				60650C931CCD6E31003435CB /* PhysicsPotentialEnergy */,
				60650CAC1CCD6E32003435CB /* PhysicsPotentialEnergyTests */,
			);
		};
/* End PBXProject section */

/* Begin PBXResourcesBuildPhase section */
		60650C921CCD6E31003435CB /* Resources */ = {
			isa = PBXResourcesBuildPhase;
			buildActionMask = 2147483647;
			files = (
				60650CA71CCD6E31003435CB /* LaunchScreen.storyboard in Resources */,
				60650CA41CCD6E31003435CB /* Assets.xcassets in Resources */,
				60650CA21CCD6E31003435CB /* Main.storyboard in Resources */,
			);
			runOnlyForDeploymentPostprocessing = 0;
		};
		60650CAB1CCD6E32003435CB /* Resources */ = {
			isa = PBXResourcesBuildPhase;
			buildActionMask = 2147483647;
			files = (
			);
			runOnlyForDeploymentPostprocessing = 0;
		};
/* End PBXResourcesBuildPhase section */

/* Begin PBXSourcesBuildPhase section */
		60650C901CCD6E31003435CB /* Sources */ = {
			isa = PBXSourcesBuildPhase;
			buildActionMask = 2147483647;
			files = (
				60650C9F1CCD6E31003435CB /* ViewController.m in Sources */,
				60650C9C1CCD6E31003435CB /* AppDelegate.m in Sources */,
				60650C991CCD6E31003435CB /* main.m in Sources */,
			);
			runOnlyForDeploymentPostprocessing = 0;
		};
		60650CA91CCD6E32003435CB /* Sources */ = {
			isa = PBXSourcesBuildPhase;
			buildActionMask = 2147483647;
			files = (
				60650CB21CCD6E32003435CB /* PhysicsPotentialEnergyTests.m in Sources */,
			);
			runOnlyForDeploymentPostprocessing = 0;
		};
/* End PBXSourcesBuildPhase section */

/* Begin PBXTargetDependency section */
		60650CAF1CCD6E32003435CB /* PBXTargetDependency */ = {
			isa = PBXTargetDependency;
			target = 60650C931CCD6E31003435CB /* PhysicsPotentialEnergy */;
			targetProxy = 60650CAE1CCD6E32003435CB /* PBXContainerItemProxy */;
		};
/* End PBXTargetDependency section */

/* Begin PBXVariantGroup section */
		60650CA01CCD6E31003435CB /* Main.storyboard */ = {
			isa = PBXVariantGroup;
			children = (
				60650CA11CCD6E31003435CB /* Base */,
			);
			name = Main.storyboard;
			sourceTree = "<group>";
		};
		60650CA51CCD6E31003435CB /* LaunchScreen.storyboard */ = {
			isa = PBXVariantGroup;
			children = (
				60650CA61CCD6E31003435CB /* Base */,
			);
			name = LaunchScreen.storyboard;
			sourceTree = "<group>";
		};
/* End PBXVariantGroup section */

/* Begin XCBuildConfiguration section */
		60650CB41CCD6E32003435CB /* Debug */ = {
			isa = XCBuildConfiguration;
			buildSettings = {
				ALWAYS_SEARCH_USER_PATHS = NO;
				CLANG_ANALYZER_NONNULL = YES;
				CLANG_CXX_LANGUAGE_STANDARD = "gnu++0x";
				CLANG_CXX_LIBRARY = "libc++";
				CLANG_ENABLE_MODULES = YES;
				CLANG_ENABLE_OBJC_ARC = YES;
				CLANG_WARN_BOOL_CONVERSION = YES;
				CLANG_WARN_CONSTANT_CONVERSION = YES;
				CLANG_WARN_DIRECT_OBJC_ISA_USAGE = YES_ERROR;
				CLANG_WARN_EMPTY_BODY = YES;
				CLANG_WARN_ENUM_CONVERSION = YES;
				CLANG_WARN_INT_CONVERSION = YES;
				CLANG_WARN_OBJC_ROOT_CLASS = YES_ERROR;
				CLANG_WARN_UNREACHABLE_CODE = YES;
				CLANG_WARN__DUPLICATE_METHOD_MATCH = YES;
				"CODE_SIGN_IDENTITY[sdk=iphoneos*]" = "iPhone Developer";
				COPY_PHASE_STRIP = NO;
				DEBUG_INFORMATION_FORMAT = dwarf;
				ENABLE_STRICT_OBJC_MSGSEND = YES;
				ENABLE_TESTABILITY = YES;
				GCC_C_LANGUAGE_STANDARD = gnu99;
				GCC_DYNAMIC_NO_PIC = NO;
				GCC_NO_COMMON_BLOCKS = YES;
				GCC_OPTIMIZATION_LEVEL = 0;
				GCC_PREPROCESSOR_DEFINITIONS = (
					"DEBUG=1",
					"$(inherited)",
				);
				GCC_WARN_64_TO_32_BIT_CONVERSION = YES;
				GCC_WARN_ABOUT_RETURN_TYPE = YES_ERROR;
				GCC_WARN_UNDECLARED_SELECTOR = YES;
				GCC_WARN_UNINITIALIZED_AUTOS = YES_AGGRESSIVE;
				GCC_WARN_UNUSED_FUNCTION = YES;
				GCC_WARN_UNUSED_VARIABLE = YES;
				IPHONEOS_DEPLOYMENT_TARGET = 9.3;
				MTL_ENABLE_DEBUG_INFO = YES;
				ONLY_ACTIVE_ARCH = YES;
				SDKROOT = iphoneos;
				TARGETED_DEVICE_FAMILY = "1,2";
			};
			name = Debug;
		};
		60650CB51CCD6E32003435CB /* Release */ = {
			isa = XCBuildConfiguration;
			buildSettings = {
				ALWAYS_SEARCH_USER_PATHS = NO;
				CLANG_ANALYZER_NONNULL = YES;
				CLANG_CXX_LANGUAGE_STANDARD = "gnu++0x";
				CLANG_CXX_LIBRARY = "libc++";
				CLANG_ENABLE_MODULES = YES;
				CLANG_ENABLE_OBJC_ARC = YES;
				CLANG_WARN_BOOL_CONVERSION = YES;
				CLANG_WARN_CONSTANT_CONVERSION = YES;
				CLANG_WARN_DIRECT_OBJC_ISA_USAGE = YES_ERROR;
				CLANG_WARN_EMPTY_BODY = YES;
				CLANG_WARN_ENUM_CONVERSION = YES;
				CLANG_WARN_INT_CONVERSION = YES;
				CLANG_WARN_OBJC_ROOT_CLASS = YES_ERROR;
				CLANG_WARN_UNREACHABLE_CODE = YES;
				CLANG_WARN__DUPLICATE_METHOD_MATCH = YES;
				"CODE_SIGN_IDENTITY[sdk=iphoneos*]" = "iPhone Developer";
				COPY_PHASE_STRIP = NO;
				DEBUG_INFORMATION_FORMAT = "dwarf-with-dsym";
				ENABLE_NS_ASSERTIONS = NO;
				ENABLE_STRICT_OBJC_MSGSEND = YES;
				GCC_C_LANGUAGE_STANDARD = gnu99;
				GCC_NO_COMMON_BLOCKS = YES;
				GCC_WARN_64_TO_32_BIT_CONVERSION = YES;
				GCC_WARN_ABOUT_RETURN_TYPE = YES_ERROR;
				GCC_WARN_UNDECLARED_SELECTOR = YES;
				GCC_WARN_UNINITIALIZED_AUTOS = YES_AGGRESSIVE;
				GCC_WARN_UNUSED_FUNCTION = YES;
				GCC_WARN_UNUSED_VARIABLE = YES;
				IPHONEOS_DEPLOYMENT_TARGET = 9.3;
				MTL_ENABLE_DEBUG_INFO = NO;
				SDKROOT = iphoneos;
				TARGETED_DEVICE_FAMILY = "1,2";
				VALIDATE_PRODUCT = YES;
			};
			name = Release;
		};
		60650CB71CCD6E32003435CB /* Debug */ = {
			isa = XCBuildConfiguration;
			buildSettings = {
				ASSETCATALOG_COMPILER_APPICON_NAME = AppIcon;
				INFOPLIST_FILE = PhysicsPotentialEnergy/Info.plist;
				LD_RUNPATH_SEARCH_PATHS = "$(inherited) @executable_path/Frameworks";
				PRODUCT_BUNDLE_IDENTIFIER = com.OzDreams.PhysicsPotentialEnergy;
				PRODUCT_NAME = "$(TARGET_NAME)";
			};
			name = Debug;
		};
		60650CB81CCD6E32003435CB /* Release */ = {
			isa = XCBuildConfiguration;
			buildSettings = {
				ASSETCATALOG_COMPILER_APPICON_NAME = AppIcon;
				INFOPLIST_FILE = PhysicsPotentialEnergy/Info.plist;
				LD_RUNPATH_SEARCH_PATHS = "$(inherited) @executable_path/Frameworks";
				PRODUCT_BUNDLE_IDENTIFIER = com.OzDreams.PhysicsPotentialEnergy;
				PRODUCT_NAME = "$(TARGET_NAME)";
			};
			name = Release;
		};
		60650CBA1CCD6E32003435CB /* Debug */ = {
			isa = XCBuildConfiguration;
			buildSettings = {
				BUNDLE_LOADER = "$(TEST_HOST)";
				INFOPLIST_FILE = PhysicsPotentialEnergyTests/Info.plist;
				LD_RUNPATH_SEARCH_PATHS = "$(inherited) @executable_path/Frameworks @loader_path/Frameworks";
				PRODUCT_BUNDLE_IDENTIFIER = com.OzDreams.PhysicsPotentialEnergyTests;
				PRODUCT_NAME = "$(TARGET_NAME)";
				TEST_HOST = "$(BUILT_PRODUCTS_DIR)/PhysicsPotentialEnergy.app/PhysicsPotentialEnergy";
			};
			name = Debug;
		};
		60650CBB1CCD6E32003435CB /* Release */ = {
			isa = XCBuildConfiguration;
			buildSettings = {
				BUNDLE_LOADER = "$(TEST_HOST)";
				INFOPLIST_FILE = PhysicsPotentialEnergyTests/Info.plist;
				LD_RUNPATH_SEARCH_PATHS = "$(inherited) @executable_path/Frameworks @loader_path/Frameworks";
				PRODUCT_BUNDLE_IDENTIFIER = com.OzDreams.PhysicsPotentialEnergyTests;
				PRODUCT_NAME = "$(TARGET_NAME)";
				TEST_HOST = "$(BUILT_PRODUCTS_DIR)/PhysicsPotentialEnergy.app/PhysicsPotentialEnergy";
			};
			name = Release;
		};
/* End XCBuildConfiguration section */

/* Begin XCConfigurationList section */
		60650C8F1CCD6E31003435CB /* Build configuration list for PBXProject "PhysicsPotentialEnergy" */ = {
			isa = XCConfigurationList;
			buildConfigurations = (
				60650CB41CCD6E32003435CB /* Debug */,
				60650CB51CCD6E32003435CB /* Release */,
			);
			defaultConfigurationIsVisible = 0;
			defaultConfigurationName = Release;
		};
		60650CB61CCD6E32003435CB /* Build configuration list for PBXNativeTarget "PhysicsPotentialEnergy" */ = {
			isa = XCConfigurationList;
			buildConfigurations = (
				60650CB71CCD6E32003435CB /* Debug */,
				60650CB81CCD6E32003435CB /* Release */,
			);
			defaultConfigurationIsVisible = 0;
		};
		60650CB91CCD6E32003435CB /* Build configuration list for PBXNativeTarget "PhysicsPotentialEnergyTests" */ = {
			isa = XCConfigurationList;
			buildConfigurations = (
				60650CBA1CCD6E32003435CB /* Debug */,
				60650CBB1CCD6E32003435CB /* Release */,
			);
			defaultConfigurationIsVisible = 0;
		};
/* End XCConfigurationList section */
	};
	rootObject = 60650C8C1CCD6E31003435CB /* Project object */;
}
